{
  "version": 4,
  "terraform_version": "1.7.2",
  "serial": 78,
  "lineage": "d20851f3-1925-2060-7a95-a6e3c2c5bf86",
  "outputs": {},
  "resources": [
    {
      "mode": "managed",
      "type": "google_sql_database_instance",
      "name": "instance",
      "provider": "provider[\"registry.terraform.io/hashicorp/google\"]",
      "instances": [
        {
          "schema_version": 0,
          "attributes": {
            "available_maintenance_versions": [],
            "clone": [],
            "connection_name": "intricate-reef-411403:us-west2:mage-data-prep-db-instance",
            "database_version": "POSTGRES_14",
            "deletion_protection": false,
            "dns_name": "",
            "encryption_key_name": null,
            "first_ip_address": "34.94.57.9",
            "id": "mage-data-prep-db-instance",
            "instance_type": "CLOUD_SQL_INSTANCE",
            "ip_address": [
              {
                "ip_address": "34.94.57.9",
                "time_to_retire": "",
                "type": "PRIMARY"
              },
              {
                "ip_address": "34.94.108.252",
                "time_to_retire": "",
                "type": "OUTGOING"
              }
            ],
            "maintenance_version": "POSTGRES_14_9.R20230830.01_07",
            "master_instance_name": "",
            "name": "mage-data-prep-db-instance",
            "private_ip_address": "",
            "project": "intricate-reef-411403",
            "psc_service_attachment_link": "",
            "public_ip_address": "34.94.57.9",
            "region": "us-west2",
            "replica_configuration": [],
            "restore_backup_context": [],
            "root_password": null,
            "self_link": "https://sqladmin.googleapis.com/sql/v1beta4/projects/intricate-reef-411403/instances/mage-data-prep-db-instance",
            "server_ca_cert": [
              {
                "cert": "-----BEGIN CERTIFICATE-----\nMIIDfzCCAmegAwIBAgIBADANBgkqhkiG9w0BAQsFADB3MS0wKwYDVQQuEyRkNDc2\nNTc4Ni05ZjcxLTQ1YzctYThhYi1hMjcxN2VjZmEzOTgxIzAhBgNVBAMTGkdvb2ds\nZSBDbG91ZCBTUUwgU2VydmVyIENBMRQwEgYDVQQKEwtHb29nbGUsIEluYzELMAkG\nA1UEBhMCVVMwHhcNMjQwMjA0MjMyNDM2WhcNMzQwMjAxMjMyNTM2WjB3MS0wKwYD\nVQQuEyRkNDc2NTc4Ni05ZjcxLTQ1YzctYThhYi1hMjcxN2VjZmEzOTgxIzAhBgNV\nBAMTGkdvb2dsZSBDbG91ZCBTUUwgU2VydmVyIENBMRQwEgYDVQQKEwtHb29nbGUs\nIEluYzELMAkGA1UEBhMCVVMwggEiMA0GCSqGSIb3DQEBAQUAA4IBDwAwggEKAoIB\nAQCabYy4o/HH+90nf4EgZHqpaBQmJwhI1KzsYVKTzLcQikw+MjYJ5scXhtfgVfi0\ndCTQ7nlgtL8DwQK9XyRy6U0/nn1xmH4tzxkZeAuLCmY4ERVD1WVIJwkd8H3tW36g\nxmiJVp4M789NU+2RhU9aukkvFBg4USkpfFgRFlvtb1DN5uj0g3FGl/hicDW6lFiT\nByqKcrtiBrAoH52wJcFwYZur5Y+dDEftiUaAHFVKNtV7d3bev3bvof7wGC3C8lys\n70BsXkrkkqsGsq5Ka7xnKX1bTWDFtfuXz1Zvr5HHfhVuPrnHtYYf8zCiaJn0vMKx\n5ddd6DHAlnPy8Qaj7aXWjkNTAgMBAAGjFjAUMBIGA1UdEwEB/wQIMAYBAf8CAQAw\nDQYJKoZIhvcNAQELBQADggEBAItHhoN8Q5V6IEMGD+DCqiZ9z15HXy5Jmr7QIVIk\n+mod4YMjJ8fUan1xjEH7shUsvKa6tcY6oULnatGojqmEhC7cpHZ7W4jAOLBbcyjp\nZrlPNmu33lrlJkWAiv5Ar+B4cqnUbnO1WKVPvM6j2SoPZcKgwVgkUPP+3FcvMR2A\nm/fpGlugTiScDnd0Ocfts8SbAStiHI+V4oj/1l+hAJluQgyU5j2XNSjFD8AhF/Qj\n/z+MVQdw+MzLyOYWTNCUOGQmizK7QlzZxufCsVBmKT4bzIw1zUFJXX9l94BnywL3\nnvWXGFQ6R+I5YhUhAZBEk8Xnd5WX0VKsVXFDTlglE02pzaw=\n-----END CERTIFICATE-----",
                "common_name": "C=US,O=Google\\, Inc,CN=Google Cloud SQL Server CA,dnQualifier=d4765786-9f71-45c7-a8ab-a2717ecfa398",
                "create_time": "2024-02-04T23:24:36.101Z",
                "expiration_time": "2034-02-01T23:25:36.101Z",
                "sha1_fingerprint": "232df4f2256d48c3cca20fcefc6ba2d31a86ed74"
              }
            ],
            "service_account_email_address": "p1003705272981-goin0g@gcp-sa-cloud-sql.iam.gserviceaccount.com",
            "settings": [
              {
                "activation_policy": "ALWAYS",
                "active_directory_config": [],
                "advanced_machine_features": [],
                "availability_type": "ZONAL",
                "backup_configuration": [
                  {
                    "backup_retention_settings": [
                      {
                        "retained_backups": 7,
                        "retention_unit": "COUNT"
                      }
                    ],
                    "binary_log_enabled": false,
                    "enabled": false,
                    "location": "",
                    "point_in_time_recovery_enabled": false,
                    "start_time": "16:00",
                    "transaction_log_retention_days": 7
                  }
                ],
                "collation": "",
                "connector_enforcement": "NOT_REQUIRED",
                "data_cache_config": [],
                "database_flags": [
                  {
                    "name": "max_connections",
                    "value": "50"
                  }
                ],
                "deletion_protection_enabled": false,
                "deny_maintenance_period": [],
                "disk_autoresize": true,
                "disk_autoresize_limit": 0,
                "disk_size": 10,
                "disk_type": "PD_SSD",
                "edition": "",
                "insights_config": [],
                "ip_configuration": [
                  {
                    "allocated_ip_range": "",
                    "authorized_networks": [],
                    "enable_private_path_for_google_cloud_services": false,
                    "ipv4_enabled": true,
                    "private_network": "",
                    "psc_config": [],
                    "require_ssl": false
                  }
                ],
                "location_preference": [
                  {
                    "follow_gae_application": "",
                    "secondary_zone": "",
                    "zone": "us-west2-b"
                  }
                ],
                "maintenance_window": [],
                "password_validation_policy": [],
                "pricing_plan": "PER_USE",
                "sql_server_audit_config": [],
                "tier": "db-f1-micro",
                "time_zone": "",
                "user_labels": {},
                "version": 1
              }
            ],
            "timeouts": null
          },
          "sensitive_attributes": [],
          "private": "eyJlMmJmYjczMC1lY2FhLTExZTYtOGY4OC0zNDM2M2JjN2M0YzAiOnsiY3JlYXRlIjoyNDAwMDAwMDAwMDAwLCJkZWxldGUiOjE4MDAwMDAwMDAwMDAsInVwZGF0ZSI6MTgwMDAwMDAwMDAwMH19"
        }
      ]
    },
    {
      "mode": "managed",
      "type": "google_sql_user",
      "name": "database-user",
      "provider": "provider[\"registry.terraform.io/hashicorp/google\"]",
      "instances": [
        {
          "schema_version": 1,
          "attributes": {
            "deletion_policy": null,
            "host": "",
            "id": "mageuser//mage-data-prep-db-instance",
            "instance": "mage-data-prep-db-instance",
            "name": "mageuser",
            "password": "root",
            "password_policy": [],
            "project": "intricate-reef-411403",
            "sql_server_user_details": [],
            "timeouts": null,
            "type": ""
          },
          "sensitive_attributes": [
            [
              {
                "type": "get_attr",
                "value": "password"
              }
            ]
          ],
          "private": "eyJlMmJmYjczMC1lY2FhLTExZTYtOGY4OC0zNDM2M2JjN2M0YzAiOnsiY3JlYXRlIjo2MDAwMDAwMDAwMDAsImRlbGV0ZSI6NjAwMDAwMDAwMDAwLCJ1cGRhdGUiOjYwMDAwMDAwMDAwMH0sInNjaGVtYV92ZXJzaW9uIjoiMSJ9",
          "dependencies": [
            "google_sql_database_instance.instance"
          ]
        }
      ]
    }
  ],
  "check_results": null
}
